// !$*UTF8*$!
{
	archiveVersion = 1;
	classes = {
	};
	objectVersion = 52;
	objects = {

/* Begin PBXBuildFile section */
		E933780326A872C400DD9277 /* SwiftUIX in Frameworks */ = {isa = PBXBuildFile; productRef = E933780226A872C400DD9277 /* SwiftUIX */; settings = {ATTRIBUTES = (Weak, ); }; };
		E933780526A87CFA00DD9277 /* ThumbnailCoverView.swift in Sources */ = {isa = PBXBuildFile; fileRef = E933780426A87CFA00DD9277 /* ThumbnailCoverView.swift */; };
		E937B18026A9CE1400183FD3 /* BookDataModel.xcdatamodeld in Sources */ = {isa = PBXBuildFile; fileRef = E937B17E26A9CE1400183FD3 /* BookDataModel.xcdatamodeld */; };
		E937B18326A9CEFE00183FD3 /* Persistence.swift in Sources */ = {isa = PBXBuildFile; fileRef = E937B18226A9CEFE00183FD3 /* Persistence.swift */; };
		E945BEB5267476FB00C518E5 /* CellView.swift in Sources */ = {isa = PBXBuildFile; fileRef = E945BEB4267476FB00C518E5 /* CellView.swift */; };
		E945BEB72674784C00C518E5 /* BookData.swift in Sources */ = {isa = PBXBuildFile; fileRef = E945BEB62674784C00C518E5 /* BookData.swift */; };
		E9DC794B26A9C1360001B5A6 /* ContentView.swift in Sources */ = {isa = PBXBuildFile; fileRef = E9DC794A26A9C1360001B5A6 /* ContentView.swift */; };
		E9DC794D26A9C2150001B5A6 /* FavoritesView.swift in Sources */ = {isa = PBXBuildFile; fileRef = E9DC794C26A9C2150001B5A6 /* FavoritesView.swift */; };
		E9F32E6A2673858900859589 /* ReadMeApp.swift in Sources */ = {isa = PBXBuildFile; fileRef = E9F32E692673858900859589 /* ReadMeApp.swift */; };
		E9F32E6C2673858900859589 /* FinderView.swift in Sources */ = {isa = PBXBuildFile; fileRef = E9F32E6B2673858900859589 /* FinderView.swift */; };
		E9F32E6E2673858900859589 /* Assets.xcassets in Resources */ = {isa = PBXBuildFile; fileRef = E9F32E6D2673858900859589 /* Assets.xcassets */; };
		E9F32E712673858900859589 /* Preview Assets.xcassets in Resources */ = {isa = PBXBuildFile; fileRef = E9F32E702673858900859589 /* Preview Assets.xcassets */; };
		E9F32E792673875400859589 /* Model.swift in Sources */ = {isa = PBXBuildFile; fileRef = E9F32E782673875400859589 /* Model.swift */; };
		E9F32E7D2673B85600859589 /* BookDetailView.swift in Sources */ = {isa = PBXBuildFile; fileRef = E9F32E7C2673B85600859589 /* BookDetailView.swift */; };
/* End PBXBuildFile section */

/* Begin PBXFileReference section */
		E933780426A87CFA00DD9277 /* ThumbnailCoverView.swift */ = {isa = PBXFileReference; lastKnownFileType = sourcecode.swift; path = ThumbnailCoverView.swift; sourceTree = "<group>"; };
		E937B17F26A9CE1400183FD3 /* BookDataModel.xcdatamodel */ = {isa = PBXFileReference; lastKnownFileType = wrapper.xcdatamodel; path = BookDataModel.xcdatamodel; sourceTree = "<group>"; };
		E937B18226A9CEFE00183FD3 /* Persistence.swift */ = {isa = PBXFileReference; fileEncoding = 4; lastKnownFileType = sourcecode.swift; path = Persistence.swift; sourceTree = "<group>"; };
		E945BEB4267476FB00C518E5 /* CellView.swift */ = {isa = PBXFileReference; lastKnownFileType = sourcecode.swift; path = CellView.swift; sourceTree = "<group>"; };
		E945BEB62674784C00C518E5 /* BookData.swift */ = {isa = PBXFileReference; lastKnownFileType = sourcecode.swift; path = BookData.swift; sourceTree = "<group>"; };
		E9DC794A26A9C1360001B5A6 /* ContentView.swift */ = {isa = PBXFileReference; lastKnownFileType = sourcecode.swift; path = ContentView.swift; sourceTree = "<group>"; };
		E9DC794C26A9C2150001B5A6 /* FavoritesView.swift */ = {isa = PBXFileReference; lastKnownFileType = sourcecode.swift; path = FavoritesView.swift; sourceTree = "<group>"; };
		E9F32E662673858900859589 /* ReadMe.app */ = {isa = PBXFileReference; explicitFileType = wrapper.application; includeInIndex = 0; path = ReadMe.app; sourceTree = BUILT_PRODUCTS_DIR; };
		E9F32E692673858900859589 /* ReadMeApp.swift */ = {isa = PBXFileReference; lastKnownFileType = sourcecode.swift; path = ReadMeApp.swift; sourceTree = "<group>"; };
		E9F32E6B2673858900859589 /* FinderView.swift */ = {isa = PBXFileReference; lastKnownFileType = sourcecode.swift; path = FinderView.swift; sourceTree = "<group>"; };
		E9F32E6D2673858900859589 /* Assets.xcassets */ = {isa = PBXFileReference; lastKnownFileType = folder.assetcatalog; path = Assets.xcassets; sourceTree = "<group>"; };
		E9F32E702673858900859589 /* Preview Assets.xcassets */ = {isa = PBXFileReference; lastKnownFileType = folder.assetcatalog; path = "Preview Assets.xcassets"; sourceTree = "<group>"; };
		E9F32E722673858900859589 /* Info.plist */ = {isa = PBXFileReference; lastKnownFileType = text.plist.xml; path = Info.plist; sourceTree = "<group>"; };
		E9F32E782673875400859589 /* Model.swift */ = {isa = PBXFileReference; lastKnownFileType = sourcecode.swift; path = Model.swift; sourceTree = "<group>"; };
		E9F32E7C2673B85600859589 /* BookDetailView.swift */ = {isa = PBXFileReference; lastKnownFileType = sourcecode.swift; path = BookDetailView.swift; sourceTree = "<group>"; };
/* End PBXFileReference section */

/* Begin PBXFrameworksBuildPhase section */
		E9F32E632673858900859589 /* Frameworks */ = {
			isa = PBXFrameworksBuildPhase;
			buildActionMask = 2147483647;
			files = (
				E933780326A872C400DD9277 /* SwiftUIX in Frameworks */,
			);
			runOnlyForDeploymentPostprocessing = 0;
		};
/* End PBXFrameworksBuildPhase section */

/* Begin PBXGroup section */
		E937B18126A9CE8C00183FD3 /* Model */ = {
			isa = PBXGroup;
			children = (
				E9F32E782673875400859589 /* Model.swift */,
				E945BEB62674784C00C518E5 /* BookData.swift */,
				E937B18226A9CEFE00183FD3 /* Persistence.swift */,
			);
			path = Model;
			sourceTree = "<group>";
		};
		E945BEB8267490DD00C518E5 /* View */ = {
			isa = PBXGroup;
			children = (
				E9DC794A26A9C1360001B5A6 /* ContentView.swift */,
				E9DC794C26A9C2150001B5A6 /* FavoritesView.swift */,
				E9F32E6B2673858900859589 /* FinderView.swift */,
				E9F32E7C2673B85600859589 /* BookDetailView.swift */,
				E945BEB4267476FB00C518E5 /* CellView.swift */,
				E933780426A87CFA00DD9277 /* ThumbnailCoverView.swift */,
			);
			path = View;
			sourceTree = "<group>";
		};
		E9F32E5D2673858900859589 = {
			isa = PBXGroup;
			children = (
				E9F32E682673858900859589 /* ReadMe */,
				E9F32E672673858900859589 /* Products */,
			);
			sourceTree = "<group>";
		};
		E9F32E672673858900859589 /* Products */ = {
			isa = PBXGroup;
			children = (
				E9F32E662673858900859589 /* ReadMe.app */,
			);
			name = Products;
			sourceTree = "<group>";
		};
		E9F32E682673858900859589 /* ReadMe */ = {
			isa = PBXGroup;
			children = (
				E9F32E692673858900859589 /* ReadMeApp.swift */,
				E945BEB8267490DD00C518E5 /* View */,
				E937B18126A9CE8C00183FD3 /* Model */,
				E9F32E6D2673858900859589 /* Assets.xcassets */,
				E9F32E722673858900859589 /* Info.plist */,
				E937B17E26A9CE1400183FD3 /* BookDataModel.xcdatamodeld */,
				E9F32E6F2673858900859589 /* Preview Content */,
			);
			path = ReadMe;
			sourceTree = "<group>";
		};
		E9F32E6F2673858900859589 /* Preview Content */ = {
			isa = PBXGroup;
			children = (
				E9F32E702673858900859589 /* Preview Assets.xcassets */,
			);
			path = "Preview Content";
			sourceTree = "<group>";
		};
/* End PBXGroup section */

/* Begin PBXNativeTarget section */
		E9F32E652673858900859589 /* ReadMe */ = {
			isa = PBXNativeTarget;
			buildConfigurationList = E9F32E752673858900859589 /* Build configuration list for PBXNativeTarget "ReadMe" */;
			buildPhases = (
				E9F32E622673858900859589 /* Sources */,
				E9F32E632673858900859589 /* Frameworks */,
				E9F32E642673858900859589 /* Resources */,
			);
			buildRules = (
			);
			dependencies = (
			);
			name = ReadMe;
			packageProductDependencies = (
				E933780226A872C400DD9277 /* SwiftUIX */,
			);
			productName = "Book Searcher";
			productReference = E9F32E662673858900859589 /* ReadMe.app */;
			productType = "com.apple.product-type.application";
		};
/* End PBXNativeTarget section */

/* Begin PBXProject section */
		E9F32E5E2673858900859589 /* Project object */ = {
			isa = PBXProject;
			attributes = {
				LastSwiftUpdateCheck = 1250;
				LastUpgradeCheck = 1250;
				TargetAttributes = {
					E9F32E652673858900859589 = {
						CreatedOnToolsVersion = 12.5;
					};
				};
			};
			buildConfigurationList = E9F32E612673858900859589 /* Build configuration list for PBXProject "ReadMe" */;
			compatibilityVersion = "Xcode 9.3";
			developmentRegion = en;
			hasScannedForEncodings = 0;
			knownRegions = (
				en,
				Base,
			);
			mainGroup = E9F32E5D2673858900859589;
			packageReferences = (
				E933780126A872C400DD9277 /* XCRemoteSwiftPackageReference "SwiftUIX" */,
			);
			productRefGroup = E9F32E672673858900859589 /* Products */;
			projectDirPath = "";
			projectRoot = "";
			targets = (
				E9F32E652673858900859589 /* ReadMe */,
			);
		};
/* End PBXProject section */

/* Begin PBXResourcesBuildPhase section */
		E9F32E642673858900859589 /* Resources */ = {
			isa = PBXResourcesBuildPhase;
			buildActionMask = 2147483647;
			files = (
				E9F32E712673858900859589 /* Preview Assets.xcassets in Resources */,
				E9F32E6E2673858900859589 /* Assets.xcassets in Resources */,
			);
			runOnlyForDeploymentPostprocessing = 0;
		};
/* End PBXResourcesBuildPhase section */

/* Begin PBXSourcesBuildPhase section */
		E9F32E622673858900859589 /* Sources */ = {
			isa = PBXSourcesBuildPhase;
			buildActionMask = 2147483647;
			files = (
				E937B18326A9CEFE00183FD3 /* Persistence.swift in Sources */,
				E933780526A87CFA00DD9277 /* ThumbnailCoverView.swift in Sources */,
				E945BEB72674784C00C518E5 /* BookData.swift in Sources */,
				E937B18026A9CE1400183FD3 /* BookDataModel.xcdatamodeld in Sources */,
				E9DC794B26A9C1360001B5A6 /* ContentView.swift in Sources */,
				E9F32E6C2673858900859589 /* FinderView.swift in Sources */,
				E945BEB5267476FB00C518E5 /* CellView.swift in Sources */,
				E9F32E7D2673B85600859589 /* BookDetailView.swift in Sources */,
				E9F32E6A2673858900859589 /* ReadMeApp.swift in Sources */,
				E9F32E792673875400859589 /* Model.swift in Sources */,
				E9DC794D26A9C2150001B5A6 /* FavoritesView.swift in Sources */,
			);
			runOnlyForDeploymentPostprocessing = 0;
		};
/* End PBXSourcesBuildPhase section */

/* Begin XCBuildConfiguration section */
		E9F32E732673858900859589 /* Debug */ = {
			isa = XCBuildConfiguration;
			buildSettings = {
				ALWAYS_SEARCH_USER_PATHS = NO;
				CLANG_ANALYZER_NONNULL = YES;
				CLANG_ANALYZER_NUMBER_OBJECT_CONVERSION = YES_AGGRESSIVE;
				CLANG_CXX_LANGUAGE_STANDARD = "gnu++14";
				CLANG_CXX_LIBRARY = "libc++";
				CLANG_ENABLE_MODULES = YES;
				CLANG_ENABLE_OBJC_ARC = YES;
				CLANG_ENABLE_OBJC_WEAK = YES;
				CLANG_WARN_BLOCK_CAPTURE_AUTORELEASING = YES;
				CLANG_WARN_BOOL_CONVERSION = YES;
				CLANG_WARN_COMMA = YES;
				CLANG_WARN_CONSTANT_CONVERSION = YES;
				CLANG_WARN_DEPRECATED_OBJC_IMPLEMENTATIONS = YES;
				CLANG_WARN_DIRECT_OBJC_ISA_USAGE = YES_ERROR;
				CLANG_WARN_DOCUMENTATION_COMMENTS = YES;
				CLANG_WARN_EMPTY_BODY = YES;
				CLANG_WARN_ENUM_CONVERSION = YES;
				CLANG_WARN_INFINITE_RECURSION = YES;
				CLANG_WARN_INT_CONVERSION = YES;
				CLANG_WARN_NON_LITERAL_NULL_CONVERSION = YES;
				CLANG_WARN_OBJC_IMPLICIT_RETAIN_SELF = YES;
				CLANG_WARN_OBJC_LITERAL_CONVERSION = YES;
				CLANG_WARN_OBJC_ROOT_CLASS = YES_ERROR;
				CLANG_WARN_QUOTED_INCLUDE_IN_FRAMEWORK_HEADER = YES;
				CLANG_WARN_RANGE_LOOP_ANALYSIS = YES;
				CLANG_WARN_STRICT_PROTOTYPES = YES;
				CLANG_WARN_SUSPICIOUS_MOVE = YES;
				CLANG_WARN_UNGUARDED_AVAILABILITY = YES_AGGRESSIVE;
				CLANG_WARN_UNREACHABLE_CODE = YES;
				CLANG_WARN__DUPLICATE_METHOD_MATCH = YES;
				COPY_PHASE_STRIP = NO;
				DEBUG_INFORMATION_FORMAT = dwarf;
				ENABLE_STRICT_OBJC_MSGSEND = YES;
				ENABLE_TESTABILITY = YES;
				GCC_C_LANGUAGE_STANDARD = gnu11;
				GCC_DYNAMIC_NO_PIC = NO;
				GCC_NO_COMMON_BLOCKS = YES;
				GCC_OPTIMIZATION_LEVEL = 0;
				GCC_PREPROCESSOR_DEFINITIONS = (
					"DEBUG=1",
					"$(inherited)",
				);
				GCC_WARN_64_TO_32_BIT_CONVERSION = YES;
				GCC_WARN_ABOUT_RETURN_TYPE = YES_ERROR;
				GCC_WARN_UNDECLARED_SELECTOR = YES;
				GCC_WARN_UNINITIALIZED_AUTOS = YES_AGGRESSIVE;
				GCC_WARN_UNUSED_FUNCTION = YES;
				GCC_WARN_UNUSED_VARIABLE = YES;
				IPHONEOS_DEPLOYMENT_TARGET = 13.0;
				MTL_ENABLE_DEBUG_INFO = INCLUDE_SOURCE;
				MTL_FAST_MATH = YES;
				ONLY_ACTIVE_ARCH = YES;
				SDKROOT = iphoneos;
				SWIFT_ACTIVE_COMPILATION_CONDITIONS = DEBUG;
				SWIFT_OPTIMIZATION_LEVEL = "-Onone";
			};
			name = Debug;
		};
		E9F32E742673858900859589 /* Release */ = {
			isa = XCBuildConfiguration;
			buildSettings = {
				ALWAYS_SEARCH_USER_PATHS = NO;
				CLANG_ANALYZER_NONNULL = YES;
				CLANG_ANALYZER_NUMBER_OBJECT_CONVERSION = YES_AGGRESSIVE;
				CLANG_CXX_LANGUAGE_STANDARD = "gnu++14";
				CLANG_CXX_LIBRARY = "libc++";
				CLANG_ENABLE_MODULES = YES;
				CLANG_ENABLE_OBJC_ARC = YES;
				CLANG_ENABLE_OBJC_WEAK = YES;
				CLANG_WARN_BLOCK_CAPTURE_AUTORELEASING = YES;
				CLANG_WARN_BOOL_CONVERSION = YES;
				CLANG_WARN_COMMA = YES;
				CLANG_WARN_CONSTANT_CONVERSION = YES;
				CLANG_WARN_DEPRECATED_OBJC_IMPLEMENTATIONS = YES;
				CLANG_WARN_DIRECT_OBJC_ISA_USAGE = YES_ERROR;
				CLANG_WARN_DOCUMENTATION_COMMENTS = YES;
				CLANG_WARN_EMPTY_BODY = YES;
				CLANG_WARN_ENUM_CONVERSION = YES;
				CLANG_WARN_INFINITE_RECURSION = YES;
				CLANG_WARN_INT_CONVERSION = YES;
				CLANG_WARN_NON_LITERAL_NULL_CONVERSION = YES;
				CLANG_WARN_OBJC_IMPLICIT_RETAIN_SELF = YES;
				CLANG_WARN_OBJC_LITERAL_CONVERSION = YES;
				CLANG_WARN_OBJC_ROOT_CLASS = YES_ERROR;
				CLANG_WARN_QUOTED_INCLUDE_IN_FRAMEWORK_HEADER = YES;
				CLANG_WARN_RANGE_LOOP_ANALYSIS = YES;
				CLANG_WARN_STRICT_PROTOTYPES = YES;
				CLANG_WARN_SUSPICIOUS_MOVE = YES;
				CLANG_WARN_UNGUARDED_AVAILABILITY = YES_AGGRESSIVE;
				CLANG_WARN_UNREACHABLE_CODE = YES;
				CLANG_WARN__DUPLICATE_METHOD_MATCH = YES;
				COPY_PHASE_STRIP = NO;
				DEBUG_INFORMATION_FORMAT = "dwarf-with-dsym";
				ENABLE_NS_ASSERTIONS = NO;
				ENABLE_STRICT_OBJC_MSGSEND = YES;
				GCC_C_LANGUAGE_STANDARD = gnu11;
				GCC_NO_COMMON_BLOCKS = YES;
				GCC_WARN_64_TO_32_BIT_CONVERSION = YES;
				GCC_WARN_ABOUT_RETURN_TYPE = YES_ERROR;
				GCC_WARN_UNDECLARED_SELECTOR = YES;
				GCC_WARN_UNINITIALIZED_AUTOS = YES_AGGRESSIVE;
				GCC_WARN_UNUSED_FUNCTION = YES;
				GCC_WARN_UNUSED_VARIABLE = YES;
				IPHONEOS_DEPLOYMENT_TARGET = 13.0;
				MTL_ENABLE_DEBUG_INFO = NO;
				MTL_FAST_MATH = YES;
				SDKROOT = iphoneos;
				SWIFT_COMPILATION_MODE = wholemodule;
				SWIFT_OPTIMIZATION_LEVEL = "-O";
				VALIDATE_PRODUCT = YES;
			};
			name = Release;
		};
		E9F32E762673858900859589 /* Debug */ = {
			isa = XCBuildConfiguration;
			buildSettings = {
				ASSETCATALOG_COMPILER_APPICON_NAME = AppIcon;
				ASSETCATALOG_COMPILER_GLOBAL_ACCENT_COLOR_NAME = AccentColor;
				CODE_SIGN_STYLE = Automatic;
				DEVELOPMENT_ASSET_PATHS = "\"ReadMe/Preview Content\"";
				DEVELOPMENT_TEAM = 867N93C454;
				ENABLE_PREVIEWS = YES;
				INFOPLIST_FILE = "$(SRCROOT)/ReadMe/Info.plist";
				IPHONEOS_DEPLOYMENT_TARGET = 14.0;
				LD_RUNPATH_SEARCH_PATHS = (
					"$(inherited)",
					"@executable_path/Frameworks",
				);
				PRODUCT_BUNDLE_IDENTIFIER = bekadeveloper.ReadMe;
				PRODUCT_NAME = "$(TARGET_NAME)";
				SWIFT_VERSION = 5.0;
				TARGETED_DEVICE_FAMILY = "1,2";
			};
			name = Debug;
		};
		E9F32E772673858900859589 /* Release */ = {
			isa = XCBuildConfiguration;
			buildSettings = {
				ASSETCATALOG_COMPILER_APPICON_NAME = AppIcon;
				ASSETCATALOG_COMPILER_GLOBAL_ACCENT_COLOR_NAME = AccentColor;
				CODE_SIGN_STYLE = Automatic;
				DEVELOPMENT_ASSET_PATHS = "\"ReadMe/Preview Content\"";
				DEVELOPMENT_TEAM = 867N93C454;
				ENABLE_PREVIEWS = YES;
				INFOPLIST_FILE = "$(SRCROOT)/ReadMe/Info.plist";
				IPHONEOS_DEPLOYMENT_TARGET = 14.0;
				LD_RUNPATH_SEARCH_PATHS = (
					"$(inherited)",
					"@executable_path/Frameworks",
				);
				PRODUCT_BUNDLE_IDENTIFIER = bekadeveloper.ReadMe;
				PRODUCT_NAME = "$(TARGET_NAME)";
				SWIFT_VERSION = 5.0;
				TARGETED_DEVICE_FAMILY = "1,2";
			};
			name = Release;
		};
/* End XCBuildConfiguration section */

/* Begin XCConfigurationList section */
		E9F32E612673858900859589 /* Build configuration list for PBXProject "ReadMe" */ = {
			isa = XCConfigurationList;
			buildConfigurations = (
				E9F32E732673858900859589 /* Debug */,
				E9F32E742673858900859589 /* Release */,
			);
			defaultConfigurationIsVisible = 0;
			defaultConfigurationName = Release;
		};
		E9F32E752673858900859589 /* Build configuration list for PBXNativeTarget "ReadMe" */ = {
			isa = XCConfigurationList;
			buildConfigurations = (
				E9F32E762673858900859589 /* Debug */,
				E9F32E772673858900859589 /* Release */,
			);
			defaultConfigurationIsVisible = 0;
			defaultConfigurationName = Release;
		};
/* End XCConfigurationList section */

/* Begin XCRemoteSwiftPackageReference section */
		E933780126A872C400DD9277 /* XCRemoteSwiftPackageReference "SwiftUIX" */ = {
			isa = XCRemoteSwiftPackageReference;
			repositoryURL = "https://github.com/SwiftUIX/SwiftUIX";
			requirement = {
				branch = master;
				kind = branch;
			};
		};
/* End XCRemoteSwiftPackageReference section */

/* Begin XCSwiftPackageProductDependency section */
		E933780226A872C400DD9277 /* SwiftUIX */ = {
			isa = XCSwiftPackageProductDependency;
			package = E933780126A872C400DD9277 /* XCRemoteSwiftPackageReference "SwiftUIX" */;
			productName = SwiftUIX;
		};
/* End XCSwiftPackageProductDependency section */

/* Begin XCVersionGroup section */
		E937B17E26A9CE1400183FD3 /* BookDataModel.xcdatamodeld */ = {
			isa = XCVersionGroup;
			children = (
				E937B17F26A9CE1400183FD3 /* BookDataModel.xcdatamodel */,
			);
			currentVersion = E937B17F26A9CE1400183FD3 /* BookDataModel.xcdatamodel */;
			path = BookDataModel.xcdatamodeld;
			sourceTree = "<group>";
			versionGroupType = wrapper.xcdatamodel;
		};
/* End XCVersionGroup section */
	};
	rootObject = E9F32E5E2673858900859589 /* Project object */;
}
